
Microsoft Visual Studio Solution File, Format Version 12.00
# Visual Studio 15
VisualStudioVersion = 15.0.27703.2035
MinimumVisualStudioVersion = 10.0.40219.1
Project("{9092AA53-FB77-4645-B42D-1CCCA6BD08BD}") = "NodeBookApi", "NodeBookApi.njsproj", "{5A54FEC1-FA52-4A7B-8A05-B8740C5985E9}"
EndProject
Global
	GlobalSection(SolutionConfigurationPlatforms) = preSolution
		Debug|Any CPU = Debug|Any CPU
		Release|Any CPU = Release|Any CPU
	EndGlobalSection
	GlobalSection(ProjectConfigurationPlatforms) = postSolution
		{5A54FEC1-FA52-4A7B-8A05-B8740C5985E9}.Debug|Any CPU.ActiveCfg = Debug|Any CPU
		{5A54FEC1-FA52-4A7B-8A05-B8740C5985E9}.Debug|Any CPU.Build.0 = Debug|Any CPU
		{5A54FEC1-FA52-4A7B-8A05-B8740C5985E9}.Release|Any CPU.ActiveCfg = Release|Any CPU
		{5A54FEC1-FA52-4A7B-8A05-B8740C5985E9}.Release|Any CPU.Build.0 = Release|Any CPU
	EndGlobalSection
	GlobalSection(SolutionProperties) = preSolution
		HideSolutionNode = FALSE
	EndGlobalSection
	GlobalSection(ExtensibilityGlobals) = postSolution
		SolutionGuid = {8E05A860-2299-4A32-998A-67C10D15A792}
	EndGlobalSection
EndGlobal
